{
  "projects": [
    {
      "projectId": "szjgMQpPpxhmkjnaBvZQJG",
      "version": "1.0.4",
      "dependencies": {},
      "lang": "ts",
      "fileLocks": [
        {
          "type": "globalVariant",
          "assetId": "ckLLdnw4lO",
          "checksum": "cc55311cbf027bd3c58f035249c4481a"
        },
        {
          "assetId": "szjgMQpPpxhmkjnaBvZQJG",
          "type": "projectCss",
          "checksum": "720c244405ec3cae76bf10fe24fbb3bb"
        }
      ],
      "codegenVersion": "0.0.1"
    },
    {
      "projectId": "58GpZjZCWTaJ8AUhpCwt2K",
      "version": "2.1.2",
      "dependencies": {},
      "lang": "ts",
      "fileLocks": [
        {
          "assetId": "58GpZjZCWTaJ8AUhpCwt2K",
          "type": "projectCss",
          "checksum": "06f4b8d085812e7bb9413c6803c2831a"
        }
      ],
      "codegenVersion": "0.0.1"
    },
    {
      "projectId": "caTPwKxj5ZrD9LQ7DMdK4Z",
      "version": "2.2.1",
      "dependencies": {},
      "lang": "ts",
      "fileLocks": [
        {
          "type": "globalVariant",
          "assetId": "q2e6W8ulGYz",
          "checksum": "c0cddb7dd09c65236628d522d52af1a3"
        },
        {
          "assetId": "caTPwKxj5ZrD9LQ7DMdK4Z",
          "type": "projectCss",
          "checksum": "fc9bc2543320883009b302725631d797"
        }
      ],
      "codegenVersion": "0.0.1"
    },
    {
      "projectId": "uNxv2NFifzUHnvGHuxCCRo",
      "version": "latest",
      "dependencies": {
        "caTPwKxj5ZrD9LQ7DMdK4Z": "2.2.1",
        "58GpZjZCWTaJ8AUhpCwt2K": "2.1.2",
        "szjgMQpPpxhmkjnaBvZQJG": "1.0.4"
      },
      "lang": "ts",
      "fileLocks": [
        {
          "type": "globalVariant",
          "assetId": "6Z1WhWlzfNYXO",
          "checksum": "08884b41535c7ee7242953861ec4b428"
        },
        {
          "assetId": "uNxv2NFifzUHnvGHuxCCRo",
          "type": "projectCss",
          "checksum": "77f3a3a945fadaa424489d69c178a468"
        },
        {
          "type": "renderModule",
          "assetId": "vJ7kGdsvlt",
          "checksum": "3ff6684b9bf07f721c3c8a902ff0c0e8"
        },
        {
          "type": "cssRules",
          "assetId": "vJ7kGdsvlt",
          "checksum": "3ff6684b9bf07f721c3c8a902ff0c0e8"
        },
        {
          "type": "renderModule",
          "assetId": "UIm1GB26uIb",
          "checksum": "74291cde0989c409e13acf252667fe24"
        },
        {
          "type": "cssRules",
          "assetId": "UIm1GB26uIb",
          "checksum": "74291cde0989c409e13acf252667fe24"
        },
        {
          "type": "renderModule",
          "assetId": "sYt9Irxv-jt",
          "checksum": "e0deaa1c13b27f626deac284eb582a5f"
        },
        {
          "type": "cssRules",
          "assetId": "sYt9Irxv-jt",
          "checksum": "e0deaa1c13b27f626deac284eb582a5f"
        },
        {
          "type": "renderModule",
          "assetId": "ipduOfcMtZ",
          "checksum": "967c43e752b5639c6b1725154bbfd1a0"
        },
        {
          "type": "cssRules",
          "assetId": "ipduOfcMtZ",
          "checksum": "967c43e752b5639c6b1725154bbfd1a0"
        },
        {
          "type": "renderModule",
          "assetId": "00VatMkQtB",
          "checksum": "97071612612e95dd2bdc01f588b0b0a9"
        },
        {
          "type": "cssRules",
          "assetId": "00VatMkQtB",
          "checksum": "97071612612e95dd2bdc01f588b0b0a9"
        },
        {
          "type": "renderModule",
          "assetId": "cKaSM5MZGd",
          "checksum": "db4b1b587c96d353f46cbff95418f311"
        },
        {
          "type": "cssRules",
          "assetId": "cKaSM5MZGd",
          "checksum": "db4b1b587c96d353f46cbff95418f311"
        },
        {
          "type": "renderModule",
          "assetId": "Vz1ZBT6iUN",
          "checksum": "96ff33be7a562310857519dbe7916855"
        },
        {
          "type": "cssRules",
          "assetId": "Vz1ZBT6iUN",
          "checksum": "96ff33be7a562310857519dbe7916855"
        },
        {
          "type": "icon",
          "assetId": "ZzixmYAI_0V",
          "checksum": "3758b3ca586c80cbfb22d13ab4ad34bc"
        },
        {
          "type": "icon",
          "assetId": "Gl6_oKxuPZr",
          "checksum": "d180f58c309d64dcd9f776548db31d00"
        },
        {
          "type": "icon",
          "assetId": "NJD2ReiK7p2",
          "checksum": "ce31dc2ba311345102f666ca440be88a"
        },
        {
          "type": "icon",
          "assetId": "VANrseJ0QXA",
          "checksum": "490caf99f94c455ddfefd2ff69251594"
        },
        {
          "type": "icon",
          "assetId": "m3m68ko8_vh",
          "checksum": "ea593fc64e955a7f4a8baf4a09296578"
        },
        {
          "type": "icon",
          "assetId": "W0pAF-fgfp_c",
          "checksum": "7dde69938a3bbc0ccadcf0b870b541c4"
        },
        {
          "type": "icon",
          "assetId": "_vv1zQI7bXQ",
          "checksum": "9c0fa5e03b71554abd8b4f6b3dc62bf8"
        },
        {
          "type": "icon",
          "assetId": "mAUNgy6MUNR",
          "checksum": "10e7092b7ff668d746b4279c96cb17d6"
        },
        {
          "type": "icon",
          "assetId": "d3R2_08IWyn",
          "checksum": "23c0e0a6049c8ee27b5d799ef12b1ffd"
        },
        {
          "type": "icon",
          "assetId": "sKIoVfAtxfL",
          "checksum": "d7bfe3f7a3bd16a22559fe777877ca7a"
        },
        {
          "type": "icon",
          "assetId": "FhkoNJLlfFq",
          "checksum": "3f9dc8e072229d07a6a419b18e9fd5b2"
        },
        {
          "type": "icon",
          "assetId": "aIGK4a4ZTqU",
          "checksum": "564aaf18087c16844855914fd0ec61aa"
        },
        {
          "type": "icon",
          "assetId": "UXVnQAQfOeY",
          "checksum": "255acf7d58e7197ca0e3ee258cdce781"
        },
        {
          "type": "image",
          "assetId": "TW9UfZV7PFt",
          "checksum": "8d509bca19574819754896105d94fcab"
        },
        {
          "type": "image",
          "assetId": "EeH3T8u2Rvv",
          "checksum": "ce1f6144a2ca2187d986113f0801719e"
        },
        {
          "type": "image",
          "assetId": "S8xTanUlQ",
          "checksum": "9f446fb3bddb2cf3474c28871c654865"
        },
        {
          "type": "image",
          "assetId": "I3wi2BGUJ",
          "checksum": "098a6f361c4b3f845b367a97bc8252ed"
        },
        {
          "type": "image",
          "assetId": "oyqXjQ51E",
          "checksum": "d842e519e56097485ca500efa4db8ee2"
        },
        {
          "type": "image",
          "assetId": "Cpbfho65p",
          "checksum": "94e46e4a89e207d9c23931731b46c56f"
        },
        {
          "type": "image",
          "assetId": "UTgUwWwCo",
          "checksum": "84f5b7f6211888a9404bdca5b714e259"
        },
        {
          "type": "image",
          "assetId": "g4IF0iPNm",
          "checksum": "f107e7bd67194b513d264c23279dcf69"
        },
        {
          "type": "image",
          "assetId": "au7VB5NFQ",
          "checksum": "06a8b7aa909e6fbd89c71fe08c9636fb"
        }
      ],
      "codegenVersion": "0.0.1"
    }
  ],
  "cliVersion": "0.1.178"
}
